
Microsoft Visual Studio Solution File, Format Version 12.00
# Visual Studio Version 17
VisualStudioVersion = 17.13.35507.96 d17.13
MinimumVisualStudioVersion = 10.0.40219.1
Project("{FAE04EC0-301F-11D3-BF4B-00C04F79EFBC}") = "FloatingBody", "FloatingBody\FloatingBody.csproj", "{1615925F-BFC4-4C85-8C8D-8927092CC1FD}"
EndProject
Global
	GlobalSection(SolutionConfigurationPlatforms) = preSolution
		Debug|Any CPU = Debug|Any CPU
		Release|Any CPU = Release|Any CPU
	EndGlobalSection
	GlobalSection(ProjectConfigurationPlatforms) = postSolution
		{1615925F-BFC4-4C85-8C8D-8927092CC1FD}.Debug|Any CPU.ActiveCfg = Debug|Any CPU
		{1615925F-BFC4-4C85-8C8D-8927092CC1FD}.Debug|Any CPU.Build.0 = Debug|Any CPU
		{1615925F-BFC4-4C85-8C8D-8927092CC1FD}.Release|Any CPU.ActiveCfg = Release|Any CPU
		{1615925F-BFC4-4C85-8C8D-8927092CC1FD}.Release|Any CPU.Build.0 = Release|Any CPU
	EndGlobalSection
	GlobalSection(SolutionProperties) = preSolution
		HideSolutionNode = FALSE
	EndGlobalSection
	GlobalSection(ExtensibilityGlobals) = postSolution
		SolutionGuid = {B7265745-187F-4C1B-A15F-80484F2471A1}
	EndGlobalSection
EndGlobal
